
Microsoft Visual Studio Solution File, Format Version 12.00
# Visual Studio Version 16
VisualStudioVersion = 25.0.1704.3
MinimumVisualStudioVersion = 10.0.40219.1
Project("{FAE04EC0-301F-11D3-BF4B-00C04F79EFBC}") = "TxGrpcClient", "TxGrpcClient.csproj", "{CD22A402-2E78-453A-BC95-581517097456}"
EndProject
Global
	GlobalSection(SolutionConfigurationPlatforms) = preSolution
		Debug|Any CPU = Debug|Any CPU
		Release|Any CPU = Release|Any CPU
	EndGlobalSection
	GlobalSection(ProjectConfigurationPlatforms) = postSolution
		{CD22A402-2E78-453A-BC95-581517097456}.Debug|Any CPU.ActiveCfg = Debug|Any CPU
		{CD22A402-2E78-453A-BC95-581517097456}.Debug|Any CPU.Build.0 = Debug|Any CPU
		{CD22A402-2E78-453A-BC95-581517097456}.Release|Any CPU.ActiveCfg = Release|Any CPU
		{CD22A402-2E78-453A-BC95-581517097456}.Release|Any CPU.Build.0 = Release|Any CPU
	EndGlobalSection
	GlobalSection(SolutionProperties) = preSolution
		HideSolutionNode = FALSE
	EndGlobalSection
	GlobalSection(ExtensibilityGlobals) = postSolution
		SolutionGuid = {592C119A-A562-4118-8B50-C1B62092921F}
	EndGlobalSection
EndGlobal
